// !$*UTF8*$!
{
	archiveVersion = 1;
	classes = {
	};
	objectVersion = 77;
	objects = {

/* Begin PBXBuildFile section */
		EB1F10F52F367E3E008B65E9 /* chronology_gospel.jason in Resources */ = {isa = PBXBuildFile; fileRef = EB1F10F42F367E2B008B65E9 /* chronology_gospel.jason */; };
		EB1F11142F368996008B65E9 /* MockBibleTextService.swift in Sources */ = {isa = PBXBuildFile; fileRef = EB1F11132F368986008B65E9 /* MockBibleTextService.swift */; };
		EB1F11152F368996008B65E9 /* MockBibleTextService.swift in Sources */ = {isa = PBXBuildFile; fileRef = EB1F11132F368986008B65E9 /* MockBibleTextService.swift */; };
		EB1F11292F368BB5008B65E9 /* ChronologyLoader.swift in Sources */ = {isa = PBXBuildFile; fileRef = EB1F11282F368BA5008B65E9 /* ChronologyLoader.swift */; };
		EB1F112A2F368BB5008B65E9 /* ChronologyLoader.swift in Sources */ = {isa = PBXBuildFile; fileRef = EB1F11282F368BA5008B65E9 /* ChronologyLoader.swift */; };
		EB8EFB942F35627400CEE7B0 /* Assets.xcassets in Resources */ = {isa = PBXBuildFile; fileRef = EB8EFB922F35627400CEE7B0 /* Assets.xcassets */; };
		EBAE55572F3A927F00738FDD /* AppStorageKeys.swift in Sources */ = {isa = PBXBuildFile; fileRef = EBAE55562F3A926400738FDD /* AppStorageKeys.swift */; };
		EBAE55582F3A927F00738FDD /* AppStorageKeys.swift in Sources */ = {isa = PBXBuildFile; fileRef = EBAE55562F3A926400738FDD /* AppStorageKeys.swift */; };
		EBD7798A2F3BE2D700FE72BD /* BookNameResolver.swift in Sources */ = {isa = PBXBuildFile; fileRef = EBD779892F3BE2CE00FE72BD /* BookNameResolver.swift */; };
		EBD7798B2F3BE2D700FE72BD /* BookNameResolver.swift in Sources */ = {isa = PBXBuildFile; fileRef = EBD779892F3BE2CE00FE72BD /* BookNameResolver.swift */; };
/* End PBXBuildFile section */

/* Begin PBXContainerItemProxy section */
		EBB5BA5F2F35544C006185FF /* PBXContainerItemProxy */ = {
			isa = PBXContainerItemProxy;
			containerPortal = EBB5BA462F35544A006185FF /* Project object */;
			proxyType = 1;
			remoteGlobalIDString = EBB5BA4D2F35544A006185FF;
			remoteInfo = BibleTimeline;
		};
		EBB5BA692F35544C006185FF /* PBXContainerItemProxy */ = {
			isa = PBXContainerItemProxy;
			containerPortal = EBB5BA462F35544A006185FF /* Project object */;
			proxyType = 1;
			remoteGlobalIDString = EBB5BA4D2F35544A006185FF;
			remoteInfo = BibleTimeline;
		};
/* End PBXContainerItemProxy section */

/* Begin PBXFileReference section */
		EB1F10F42F367E2B008B65E9 /* chronology_gospel.jason */ = {isa = PBXFileReference; lastKnownFileType = text; path = chronology_gospel.jason; sourceTree = "<group>"; };
		EB1F11132F368986008B65E9 /* MockBibleTextService.swift */ = {isa = PBXFileReference; lastKnownFileType = sourcecode.swift; path = MockBibleTextService.swift; sourceTree = "<group>"; };
		EB1F11282F368BA5008B65E9 /* ChronologyLoader.swift */ = {isa = PBXFileReference; lastKnownFileType = sourcecode.swift; path = ChronologyLoader.swift; sourceTree = "<group>"; };
		EB8EFB922F35627400CEE7B0 /* Assets.xcassets */ = {isa = PBXFileReference; lastKnownFileType = folder.assetcatalog; path = Assets.xcassets; sourceTree = "<group>"; };
		EBAE55562F3A926400738FDD /* AppStorageKeys.swift */ = {isa = PBXFileReference; lastKnownFileType = sourcecode.swift; path = AppStorageKeys.swift; sourceTree = "<group>"; };
		EBB5BA4E2F35544A006185FF /* BibleTimeline.app */ = {isa = PBXFileReference; explicitFileType = wrapper.application; includeInIndex = 0; path = BibleTimeline.app; sourceTree = BUILT_PRODUCTS_DIR; };
		EBB5BA5E2F35544C006185FF /* BibleTimelineTests.xctest */ = {isa = PBXFileReference; explicitFileType = wrapper.cfbundle; includeInIndex = 0; path = BibleTimelineTests.xctest; sourceTree = BUILT_PRODUCTS_DIR; };
		EBB5BA682F35544C006185FF /* BibleTimelineUITests.xctest */ = {isa = PBXFileReference; explicitFileType = wrapper.cfbundle; includeInIndex = 0; path = BibleTimelineUITests.xctest; sourceTree = BUILT_PRODUCTS_DIR; };
		EBD779892F3BE2CE00FE72BD /* BookNameResolver.swift */ = {isa = PBXFileReference; lastKnownFileType = sourcecode.swift; path = BookNameResolver.swift; sourceTree = "<group>"; };
/* End PBXFileReference section */

/* Begin PBXFileSystemSynchronizedBuildFileExceptionSet section */
		EB1F11012F36803C008B65E9 /* Exceptions for "Domain" folder in "BibleTimeline" target */ = {
			isa = PBXFileSystemSynchronizedBuildFileExceptionSet;
			membershipExceptions = (
				Models/ChronologyItem.swift,
				Models/ReadingPosition.swift,
				Models/ReferenceRange.swift,
				Navigation/ReadingRoute.swift,
				Repositories/BibleTextService.swift,
				Repositories/ChronologyLoading.swift,
			);
			target = EBB5BA4D2F35544A006185FF /* BibleTimeline */;
		};
		EB8EFB9E2F3563EB00CEE7B0 /* Exceptions for "Preview Content" folder in "BibleTimeline" target */ = {
			isa = PBXFileSystemSynchronizedBuildFileExceptionSet;
			membershipExceptions = (
				"Preview Assets.xcassets",
			);
			target = EBB5BA4D2F35544A006185FF /* BibleTimeline */;
		};
		EB8EFB9F2F3563EB00CEE7B0 /* Exceptions for "Preview Content" folder in "BibleTimelineTests" target */ = {
			isa = PBXFileSystemSynchronizedBuildFileExceptionSet;
			membershipExceptions = (
				"Preview Assets.xcassets",
			);
			target = EBB5BA5D2F35544C006185FF /* BibleTimelineTests */;
		};
		EBAE54F52F3A84C500738FDD /* Exceptions for "App" folder in "BibleTimeline" target */ = {
			isa = PBXFileSystemSynchronizedBuildFileExceptionSet;
			membershipExceptions = (
				BibleTimelineApp.swift,
				RootTabView.swift,
			);
			target = EBB5BA4D2F35544A006185FF /* BibleTimeline */;
		};
		EBAE54F62F3A84C500738FDD /* Exceptions for "App" folder in "BibleTimelineTests" target */ = {
			isa = PBXFileSystemSynchronizedBuildFileExceptionSet;
			membershipExceptions = (
				BibleTimelineApp.swift,
				RootTabView.swift,
			);
			target = EBB5BA5D2F35544C006185FF /* BibleTimelineTests */;
		};
		EBAE54F72F3A84C500738FDD /* Exceptions for "Explore" folder in "BibleTimeline" target */ = {
			isa = PBXFileSystemSynchronizedBuildFileExceptionSet;
			membershipExceptions = (
				ViewModel/ExploreViewModel.swift,
				Views/ExploreView.swift,
			);
			target = EBB5BA4D2F35544A006185FF /* BibleTimeline */;
		};
		EBAE54FC2F3A84C500738FDD /* Exceptions for "Reading" folder in "BibleTimeline" target */ = {
			isa = PBXFileSystemSynchronizedBuildFileExceptionSet;
			membershipExceptions = (
				View/ReadingView.swift,
				ViewModel/ReadingViewlModel.swift,
			);
			target = EBB5BA4D2F35544A006185FF /* BibleTimeline */;
		};
		EBAE54FD2F3A84C500738FDD /* Exceptions for "Reading" folder in "BibleTimelineTests" target */ = {
			isa = PBXFileSystemSynchronizedBuildFileExceptionSet;
			membershipExceptions = (
				ViewModel/ReadingViewlModel.swift,
			);
			target = EBB5BA5D2F35544C006185FF /* BibleTimelineTests */;
		};
		EBAE55182F3A84FA00738FDD /* Exceptions for "DesignSystem" folder in "BibleTimeline" target */ = {
			isa = PBXFileSystemSynchronizedBuildFileExceptionSet;
			membershipExceptions = (
				Components/PrimaryCTAButton.swift,
				Components/ReferenceChip.swift,
				Components/SectionTitle.swift,
				Theme/Theme.swift,
				Theme/ViewModifiers.swift,
			);
			target = EBB5BA4D2F35544A006185FF /* BibleTimeline */;
		};
		EBAE554A2F3A85C100738FDD /* Exceptions for "Home" folder in "BibleTimeline" target */ = {
			isa = PBXFileSystemSynchronizedBuildFileExceptionSet;
			membershipExceptions = (
				View/Components/HeroHeader.swift,
				View/Components/StartReadingCard.swift,
				View/Components/VerseOfDayCard.swift,
				View/HomeView/HomeView.swift,
				ViewModel/HomeViewModel.swift,
			);
			target = EBB5BA4D2F35544A006185FF /* BibleTimeline */;
		};
		EBAE554B2F3A85C100738FDD /* Exceptions for "Home" folder in "BibleTimelineTests" target */ = {
			isa = PBXFileSystemSynchronizedBuildFileExceptionSet;
			membershipExceptions = (
				View/Components/HeroHeader.swift,
				View/Components/StartReadingCard.swift,
				View/Components/VerseOfDayCard.swift,
				View/HomeView/HomeView.swift,
				ViewModel/HomeViewModel.swift,
			);
			target = EBB5BA5D2F35544C006185FF /* BibleTimelineTests */;
		};
		EBD779942F3BEE4A00FE72BD /* Exceptions for "Search" folder in "BibleTimeline" target */ = {
			isa = PBXFileSystemSynchronizedBuildFileExceptionSet;
			membershipExceptions = (
				Models/Gospelbook.swift,
				View/SearchView.swift,
				ViewModel/SearchViewModel.swift,
			);
			target = EBB5BA4D2F35544A006185FF /* BibleTimeline */;
		};
/* End PBXFileSystemSynchronizedBuildFileExceptionSet section */

/* Begin PBXFileSystemSynchronizedRootGroup section */
		EB18C09B2F36414C003FAD52 /* Domain */ = {
			isa = PBXFileSystemSynchronizedRootGroup;
			exceptions = (
				EB1F11012F36803C008B65E9 /* Exceptions for "Domain" folder in "BibleTimeline" target */,
			);
			path = Domain;
			sourceTree = "<group>";
		};
		EB8EFB9C2F3563EB00CEE7B0 /* Preview Content */ = {
			isa = PBXFileSystemSynchronizedRootGroup;
			exceptions = (
				EB8EFB9E2F3563EB00CEE7B0 /* Exceptions for "Preview Content" folder in "BibleTimeline" target */,
				EB8EFB9F2F3563EB00CEE7B0 /* Exceptions for "Preview Content" folder in "BibleTimelineTests" target */,
			);
			path = "Preview Content";
			sourceTree = "<group>";
		};
		EBAE54CF2F3A84C500738FDD /* App */ = {
			isa = PBXFileSystemSynchronizedRootGroup;
			exceptions = (
				EBAE54F52F3A84C500738FDD /* Exceptions for "App" folder in "BibleTimeline" target */,
				EBAE54F62F3A84C500738FDD /* Exceptions for "App" folder in "BibleTimelineTests" target */,
			);
			path = App;
			sourceTree = "<group>";
		};
		EBAE54D12F3A84C500738FDD /* Bible */ = {
			isa = PBXFileSystemSynchronizedRootGroup;
			path = Bible;
			sourceTree = "<group>";
		};
		EBAE54D32F3A84C500738FDD /* Explore */ = {
			isa = PBXFileSystemSynchronizedRootGroup;
			exceptions = (
				EBAE54F72F3A84C500738FDD /* Exceptions for "Explore" folder in "BibleTimeline" target */,
			);
			path = Explore;
			sourceTree = "<group>";
		};
		EBAE54E02F3A84C500738FDD /* Reading */ = {
			isa = PBXFileSystemSynchronizedRootGroup;
			exceptions = (
				EBAE54FC2F3A84C500738FDD /* Exceptions for "Reading" folder in "BibleTimeline" target */,
				EBAE54FD2F3A84C500738FDD /* Exceptions for "Reading" folder in "BibleTimelineTests" target */,
			);
			path = Reading;
			sourceTree = "<group>";
		};
		EBAE55122F3A84FA00738FDD /* DesignSystem */ = {
			isa = PBXFileSystemSynchronizedRootGroup;
			exceptions = (
				EBAE55182F3A84FA00738FDD /* Exceptions for "DesignSystem" folder in "BibleTimeline" target */,
			);
			path = DesignSystem;
			sourceTree = "<group>";
		};
		EBAE553D2F3A85C100738FDD /* Home */ = {
			isa = PBXFileSystemSynchronizedRootGroup;
			exceptions = (
				EBAE554A2F3A85C100738FDD /* Exceptions for "Home" folder in "BibleTimeline" target */,
				EBAE554B2F3A85C100738FDD /* Exceptions for "Home" folder in "BibleTimelineTests" target */,
			);
			path = Home;
			sourceTree = "<group>";
		};
		EBB5BA612F35544C006185FF /* BibleTimelineTests */ = {
			isa = PBXFileSystemSynchronizedRootGroup;
			path = BibleTimelineTests;
			sourceTree = "<group>";
		};
		EBB5BA6B2F35544C006185FF /* BibleTimelineUITests */ = {
			isa = PBXFileSystemSynchronizedRootGroup;
			path = BibleTimelineUITests;
			sourceTree = "<group>";
		};
		EBD779872F3BE10600FE72BD /* Search */ = {
			isa = PBXFileSystemSynchronizedRootGroup;
			exceptions = (
				EBD779942F3BEE4A00FE72BD /* Exceptions for "Search" folder in "BibleTimeline" target */,
			);
			path = Search;
			sourceTree = "<group>";
		};
/* End PBXFileSystemSynchronizedRootGroup section */

/* Begin PBXFrameworksBuildPhase section */
		EBB5BA4B2F35544A006185FF /* Frameworks */ = {
			isa = PBXFrameworksBuildPhase;
			buildActionMask = 2147483647;
			files = (
			);
			runOnlyForDeploymentPostprocessing = 0;
		};
		EBB5BA5B2F35544C006185FF /* Frameworks */ = {
			isa = PBXFrameworksBuildPhase;
			buildActionMask = 2147483647;
			files = (
			);
			runOnlyForDeploymentPostprocessing = 0;
		};
		EBB5BA652F35544C006185FF /* Frameworks */ = {
			isa = PBXFrameworksBuildPhase;
			buildActionMask = 2147483647;
			files = (
			);
			runOnlyForDeploymentPostprocessing = 0;
		};
/* End PBXFrameworksBuildPhase section */

/* Begin PBXGroup section */
		EB1F10F32F367E1E008B65E9 /* Chronology */ = {
			isa = PBXGroup;
			children = (
				EB1F10F42F367E2B008B65E9 /* chronology_gospel.jason */,
			);
			path = Chronology;
			sourceTree = "<group>";
		};
		EB1F110E2F368935008B65E9 /* Data */ = {
			isa = PBXGroup;
			children = (
				EB1F110F2F368953008B65E9 /* Repositories */,
			);
			path = Data;
			sourceTree = "<group>";
		};
		EB1F110F2F368953008B65E9 /* Repositories */ = {
			isa = PBXGroup;
			children = (
				EB1F11282F368BA5008B65E9 /* ChronologyLoader.swift */,
				EB1F11132F368986008B65E9 /* MockBibleTextService.swift */,
			);
			path = Repositories;
			sourceTree = "<group>";
		};
		EB8EFB9A2F3563D800CEE7B0 /* Resources */ = {
			isa = PBXGroup;
			children = (
				EB1F10F32F367E1E008B65E9 /* Chronology */,
				EB8EFB922F35627400CEE7B0 /* Assets.xcassets */,
				EB8EFB9C2F3563EB00CEE7B0 /* Preview Content */,
			);
			path = Resources;
			sourceTree = "<group>";
		};
		EBAE55192F3A859300738FDD /* Features */ = {
			isa = PBXGroup;
			children = (
				EBD779872F3BE10600FE72BD /* Search */,
				EBAE55542F3A921C00738FDD /* Shared */,
				EBAE54E02F3A84C500738FDD /* Reading */,
				EBAE553D2F3A85C100738FDD /* Home */,
			);
			path = Features;
			sourceTree = "<group>";
		};
		EBAE55542F3A921C00738FDD /* Shared */ = {
			isa = PBXGroup;
			children = (
				EBD779892F3BE2CE00FE72BD /* BookNameResolver.swift */,
				EBAE55552F3A925000738FDD /* Storage */,
			);
			path = Shared;
			sourceTree = "<group>";
		};
		EBAE55552F3A925000738FDD /* Storage */ = {
			isa = PBXGroup;
			children = (
				EBAE55562F3A926400738FDD /* AppStorageKeys.swift */,
			);
			path = Storage;
			sourceTree = "<group>";
		};
		EBB5BA452F35544A006185FF = {
			isa = PBXGroup;
			children = (
				EBAE54CF2F3A84C500738FDD /* App */,
				EBAE55122F3A84FA00738FDD /* DesignSystem */,
				EBAE55192F3A859300738FDD /* Features */,
				EBAE54D12F3A84C500738FDD /* Bible */,
				EBAE54D32F3A84C500738FDD /* Explore */,
				EB18C09B2F36414C003FAD52 /* Domain */,
				EB1F110E2F368935008B65E9 /* Data */,
				EB8EFB9A2F3563D800CEE7B0 /* Resources */,
				EBB5BA612F35544C006185FF /* BibleTimelineTests */,
				EBB5BA6B2F35544C006185FF /* BibleTimelineUITests */,
				EBB5BA4F2F35544A006185FF /* Products */,
			);
			sourceTree = "<group>";
		};
		EBB5BA4F2F35544A006185FF /* Products */ = {
			isa = PBXGroup;
			children = (
				EBB5BA4E2F35544A006185FF /* BibleTimeline.app */,
				EBB5BA5E2F35544C006185FF /* BibleTimelineTests.xctest */,
				EBB5BA682F35544C006185FF /* BibleTimelineUITests.xctest */,
			);
			name = Products;
			sourceTree = "<group>";
		};
/* End PBXGroup section */

/* Begin PBXNativeTarget section */
		EBB5BA4D2F35544A006185FF /* BibleTimeline */ = {
			isa = PBXNativeTarget;
			buildConfigurationList = EBB5BA722F35544C006185FF /* Build configuration list for PBXNativeTarget "BibleTimeline" */;
			buildPhases = (
				EBB5BA4A2F35544A006185FF /* Sources */,
				EBB5BA4B2F35544A006185FF /* Frameworks */,
				EBB5BA4C2F35544A006185FF /* Resources */,
			);
			buildRules = (
			);
			dependencies = (
			);
			name = BibleTimeline;
			packageProductDependencies = (
			);
			productName = BibleTimeline;
			productReference = EBB5BA4E2F35544A006185FF /* BibleTimeline.app */;
			productType = "com.apple.product-type.application";
		};
		EBB5BA5D2F35544C006185FF /* BibleTimelineTests */ = {
			isa = PBXNativeTarget;
			buildConfigurationList = EBB5BA752F35544C006185FF /* Build configuration list for PBXNativeTarget "BibleTimelineTests" */;
			buildPhases = (
				EBB5BA5A2F35544C006185FF /* Sources */,
				EBB5BA5B2F35544C006185FF /* Frameworks */,
				EBB5BA5C2F35544C006185FF /* Resources */,
			);
			buildRules = (
			);
			dependencies = (
				EBB5BA602F35544C006185FF /* PBXTargetDependency */,
			);
			fileSystemSynchronizedGroups = (
				EB18C09B2F36414C003FAD52 /* Domain */,
				EB8EFB9C2F3563EB00CEE7B0 /* Preview Content */,
				EBB5BA612F35544C006185FF /* BibleTimelineTests */,
			);
			name = BibleTimelineTests;
			packageProductDependencies = (
			);
			productName = BibleTimelineTests;
			productReference = EBB5BA5E2F35544C006185FF /* BibleTimelineTests.xctest */;
			productType = "com.apple.product-type.bundle.unit-test";
		};
		EBB5BA672F35544C006185FF /* BibleTimelineUITests */ = {
			isa = PBXNativeTarget;
			buildConfigurationList = EBB5BA782F35544C006185FF /* Build configuration list for PBXNativeTarget "BibleTimelineUITests" */;
			buildPhases = (
				EBB5BA642F35544C006185FF /* Sources */,
				EBB5BA652F35544C006185FF /* Frameworks */,
				EBB5BA662F35544C006185FF /* Resources */,
			);
			buildRules = (
			);
			dependencies = (
				EBB5BA6A2F35544C006185FF /* PBXTargetDependency */,
			);
			fileSystemSynchronizedGroups = (
				EBB5BA6B2F35544C006185FF /* BibleTimelineUITests */,
			);
			name = BibleTimelineUITests;
			packageProductDependencies = (
			);
			productName = BibleTimelineUITests;
			productReference = EBB5BA682F35544C006185FF /* BibleTimelineUITests.xctest */;
			productType = "com.apple.product-type.bundle.ui-testing";
		};
/* End PBXNativeTarget section */

/* Begin PBXProject section */
		EBB5BA462F35544A006185FF /* Project object */ = {
			isa = PBXProject;
			attributes = {
				BuildIndependentTargetsInParallel = 1;
				LastSwiftUpdateCheck = 1620;
				LastUpgradeCheck = 1620;
				TargetAttributes = {
					EBB5BA4D2F35544A006185FF = {
						CreatedOnToolsVersion = 16.2;
					};
					EBB5BA5D2F35544C006185FF = {
						CreatedOnToolsVersion = 16.2;
						TestTargetID = EBB5BA4D2F35544A006185FF;
					};
					EBB5BA672F35544C006185FF = {
						CreatedOnToolsVersion = 16.2;
						TestTargetID = EBB5BA4D2F35544A006185FF;
					};
				};
			};
			buildConfigurationList = EBB5BA492F35544A006185FF /* Build configuration list for PBXProject "BibleTimeline" */;
			developmentRegion = en;
			hasScannedForEncodings = 0;
			knownRegions = (
				en,
				Base,
			);
			mainGroup = EBB5BA452F35544A006185FF;
			minimizedProjectReferenceProxies = 1;
			preferredProjectObjectVersion = 77;
			productRefGroup = EBB5BA4F2F35544A006185FF /* Products */;
			projectDirPath = "";
			projectRoot = "";
			targets = (
				EBB5BA4D2F35544A006185FF /* BibleTimeline */,
				EBB5BA5D2F35544C006185FF /* BibleTimelineTests */,
				EBB5BA672F35544C006185FF /* BibleTimelineUITests */,
			);
		};
/* End PBXProject section */

/* Begin PBXResourcesBuildPhase section */
		EBB5BA4C2F35544A006185FF /* Resources */ = {
			isa = PBXResourcesBuildPhase;
			buildActionMask = 2147483647;
			files = (
				EB1F10F52F367E3E008B65E9 /* chronology_gospel.jason in Resources */,
				EB8EFB942F35627400CEE7B0 /* Assets.xcassets in Resources */,
			);
			runOnlyForDeploymentPostprocessing = 0;
		};
		EBB5BA5C2F35544C006185FF /* Resources */ = {
			isa = PBXResourcesBuildPhase;
			buildActionMask = 2147483647;
			files = (
			);
			runOnlyForDeploymentPostprocessing = 0;
		};
		EBB5BA662F35544C006185FF /* Resources */ = {
			isa = PBXResourcesBuildPhase;
			buildActionMask = 2147483647;
			files = (
			);
			runOnlyForDeploymentPostprocessing = 0;
		};
/* End PBXResourcesBuildPhase section */

/* Begin PBXSourcesBuildPhase section */
		EBB5BA4A2F35544A006185FF /* Sources */ = {
			isa = PBXSourcesBuildPhase;
			buildActionMask = 2147483647;
			files = (
				EBD7798B2F3BE2D700FE72BD /* BookNameResolver.swift in Sources */,
				EB1F11142F368996008B65E9 /* MockBibleTextService.swift in Sources */,
				EB1F11292F368BB5008B65E9 /* ChronologyLoader.swift in Sources */,
				EBAE55572F3A927F00738FDD /* AppStorageKeys.swift in Sources */,
			);
			runOnlyForDeploymentPostprocessing = 0;
		};
		EBB5BA5A2F35544C006185FF /* Sources */ = {
			isa = PBXSourcesBuildPhase;
			buildActionMask = 2147483647;
			files = (
				EB1F11152F368996008B65E9 /* MockBibleTextService.swift in Sources */,
				EBAE55582F3A927F00738FDD /* AppStorageKeys.swift in Sources */,
				EB1F112A2F368BB5008B65E9 /* ChronologyLoader.swift in Sources */,
				EBD7798A2F3BE2D700FE72BD /* BookNameResolver.swift in Sources */,
			);
			runOnlyForDeploymentPostprocessing = 0;
		};
		EBB5BA642F35544C006185FF /* Sources */ = {
			isa = PBXSourcesBuildPhase;
			buildActionMask = 2147483647;
			files = (
			);
			runOnlyForDeploymentPostprocessing = 0;
		};
/* End PBXSourcesBuildPhase section */

/* Begin PBXTargetDependency section */
		EBB5BA602F35544C006185FF /* PBXTargetDependency */ = {
			isa = PBXTargetDependency;
			target = EBB5BA4D2F35544A006185FF /* BibleTimeline */;
			targetProxy = EBB5BA5F2F35544C006185FF /* PBXContainerItemProxy */;
		};
		EBB5BA6A2F35544C006185FF /* PBXTargetDependency */ = {
			isa = PBXTargetDependency;
			target = EBB5BA4D2F35544A006185FF /* BibleTimeline */;
			targetProxy = EBB5BA692F35544C006185FF /* PBXContainerItemProxy */;
		};
/* End PBXTargetDependency section */

/* Begin XCBuildConfiguration section */
		EBB5BA702F35544C006185FF /* Debug */ = {
			isa = XCBuildConfiguration;
			buildSettings = {
				ALWAYS_SEARCH_USER_PATHS = NO;
				ASSETCATALOG_COMPILER_GENERATE_SWIFT_ASSET_SYMBOL_EXTENSIONS = YES;
				CLANG_ANALYZER_NONNULL = YES;
				CLANG_ANALYZER_NUMBER_OBJECT_CONVERSION = YES_AGGRESSIVE;
				CLANG_CXX_LANGUAGE_STANDARD = "gnu++20";
				CLANG_ENABLE_MODULES = YES;
				CLANG_ENABLE_OBJC_ARC = YES;
				CLANG_ENABLE_OBJC_WEAK = YES;
				CLANG_WARN_BLOCK_CAPTURE_AUTORELEASING = YES;
				CLANG_WARN_BOOL_CONVERSION = YES;
				CLANG_WARN_COMMA = YES;
				CLANG_WARN_CONSTANT_CONVERSION = YES;
				CLANG_WARN_DEPRECATED_OBJC_IMPLEMENTATIONS = YES;
				CLANG_WARN_DIRECT_OBJC_ISA_USAGE = YES_ERROR;
				CLANG_WARN_DOCUMENTATION_COMMENTS = YES;
				CLANG_WARN_EMPTY_BODY = YES;
				CLANG_WARN_ENUM_CONVERSION = YES;
				CLANG_WARN_INFINITE_RECURSION = YES;
				CLANG_WARN_INT_CONVERSION = YES;
				CLANG_WARN_NON_LITERAL_NULL_CONVERSION = YES;
				CLANG_WARN_OBJC_IMPLICIT_RETAIN_SELF = YES;
				CLANG_WARN_OBJC_LITERAL_CONVERSION = YES;
				CLANG_WARN_OBJC_ROOT_CLASS = YES_ERROR;
				CLANG_WARN_QUOTED_INCLUDE_IN_FRAMEWORK_HEADER = YES;
				CLANG_WARN_RANGE_LOOP_ANALYSIS = YES;
				CLANG_WARN_STRICT_PROTOTYPES = YES;
				CLANG_WARN_SUSPICIOUS_MOVE = YES;
				CLANG_WARN_UNGUARDED_AVAILABILITY = YES_AGGRESSIVE;
				CLANG_WARN_UNREACHABLE_CODE = YES;
				CLANG_WARN__DUPLICATE_METHOD_MATCH = YES;
				COPY_PHASE_STRIP = NO;
				DEBUG_INFORMATION_FORMAT = dwarf;
				ENABLE_STRICT_OBJC_MSGSEND = YES;
				ENABLE_TESTABILITY = YES;
				ENABLE_USER_SCRIPT_SANDBOXING = YES;
				GCC_C_LANGUAGE_STANDARD = gnu17;
				GCC_DYNAMIC_NO_PIC = NO;
				GCC_NO_COMMON_BLOCKS = YES;
				GCC_OPTIMIZATION_LEVEL = 0;
				GCC_PREPROCESSOR_DEFINITIONS = (
					"DEBUG=1",
					"$(inherited)",
				);
				GCC_WARN_64_TO_32_BIT_CONVERSION = YES;
				GCC_WARN_ABOUT_RETURN_TYPE = YES_ERROR;
				GCC_WARN_UNDECLARED_SELECTOR = YES;
				GCC_WARN_UNINITIALIZED_AUTOS = YES_AGGRESSIVE;
				GCC_WARN_UNUSED_FUNCTION = YES;
				GCC_WARN_UNUSED_VARIABLE = YES;
				IPHONEOS_DEPLOYMENT_TARGET = 18.2;
				LOCALIZATION_PREFERS_STRING_CATALOGS = YES;
				MTL_ENABLE_DEBUG_INFO = INCLUDE_SOURCE;
				MTL_FAST_MATH = YES;
				ONLY_ACTIVE_ARCH = YES;
				SDKROOT = iphoneos;
				SWIFT_ACTIVE_COMPILATION_CONDITIONS = "DEBUG $(inherited)";
				SWIFT_OPTIMIZATION_LEVEL = "-Onone";
			};
			name = Debug;
		};
		EBB5BA712F35544C006185FF /* Release */ = {
			isa = XCBuildConfiguration;
			buildSettings = {
				ALWAYS_SEARCH_USER_PATHS = NO;
				ASSETCATALOG_COMPILER_GENERATE_SWIFT_ASSET_SYMBOL_EXTENSIONS = YES;
				CLANG_ANALYZER_NONNULL = YES;
				CLANG_ANALYZER_NUMBER_OBJECT_CONVERSION = YES_AGGRESSIVE;
				CLANG_CXX_LANGUAGE_STANDARD = "gnu++20";
				CLANG_ENABLE_MODULES = YES;
				CLANG_ENABLE_OBJC_ARC = YES;
				CLANG_ENABLE_OBJC_WEAK = YES;
				CLANG_WARN_BLOCK_CAPTURE_AUTORELEASING = YES;
				CLANG_WARN_BOOL_CONVERSION = YES;
				CLANG_WARN_COMMA = YES;
				CLANG_WARN_CONSTANT_CONVERSION = YES;
				CLANG_WARN_DEPRECATED_OBJC_IMPLEMENTATIONS = YES;
				CLANG_WARN_DIRECT_OBJC_ISA_USAGE = YES_ERROR;
				CLANG_WARN_DOCUMENTATION_COMMENTS = YES;
				CLANG_WARN_EMPTY_BODY = YES;
				CLANG_WARN_ENUM_CONVERSION = YES;
				CLANG_WARN_INFINITE_RECURSION = YES;
				CLANG_WARN_INT_CONVERSION = YES;
				CLANG_WARN_NON_LITERAL_NULL_CONVERSION = YES;
				CLANG_WARN_OBJC_IMPLICIT_RETAIN_SELF = YES;
				CLANG_WARN_OBJC_LITERAL_CONVERSION = YES;
				CLANG_WARN_OBJC_ROOT_CLASS = YES_ERROR;
				CLANG_WARN_QUOTED_INCLUDE_IN_FRAMEWORK_HEADER = YES;
				CLANG_WARN_RANGE_LOOP_ANALYSIS = YES;
				CLANG_WARN_STRICT_PROTOTYPES = YES;
				CLANG_WARN_SUSPICIOUS_MOVE = YES;
				CLANG_WARN_UNGUARDED_AVAILABILITY = YES_AGGRESSIVE;
				CLANG_WARN_UNREACHABLE_CODE = YES;
				CLANG_WARN__DUPLICATE_METHOD_MATCH = YES;
				COPY_PHASE_STRIP = NO;
				DEBUG_INFORMATION_FORMAT = "dwarf-with-dsym";
				ENABLE_NS_ASSERTIONS = NO;
				ENABLE_STRICT_OBJC_MSGSEND = YES;
				ENABLE_USER_SCRIPT_SANDBOXING = YES;
				GCC_C_LANGUAGE_STANDARD = gnu17;
				GCC_NO_COMMON_BLOCKS = YES;
				GCC_WARN_64_TO_32_BIT_CONVERSION = YES;
				GCC_WARN_ABOUT_RETURN_TYPE = YES_ERROR;
				GCC_WARN_UNDECLARED_SELECTOR = YES;
				GCC_WARN_UNINITIALIZED_AUTOS = YES_AGGRESSIVE;
				GCC_WARN_UNUSED_FUNCTION = YES;
				GCC_WARN_UNUSED_VARIABLE = YES;
				IPHONEOS_DEPLOYMENT_TARGET = 18.2;
				LOCALIZATION_PREFERS_STRING_CATALOGS = YES;
				MTL_ENABLE_DEBUG_INFO = NO;
				MTL_FAST_MATH = YES;
				SDKROOT = iphoneos;
				SWIFT_COMPILATION_MODE = wholemodule;
				VALIDATE_PRODUCT = YES;
			};
			name = Release;
		};
		EBB5BA732F35544C006185FF /* Debug */ = {
			isa = XCBuildConfiguration;
			buildSettings = {
				ASSETCATALOG_COMPILER_APPICON_NAME = AppIcon;
				ASSETCATALOG_COMPILER_GLOBAL_ACCENT_COLOR_NAME = AccentColor;
				CODE_SIGN_STYLE = Automatic;
				CURRENT_PROJECT_VERSION = 1;
				ENABLE_PREVIEWS = YES;
				GENERATE_INFOPLIST_FILE = YES;
				INFOPLIST_KEY_UIApplicationSceneManifest_Generation = YES;
				INFOPLIST_KEY_UIApplicationSupportsIndirectInputEvents = YES;
				INFOPLIST_KEY_UILaunchScreen_Generation = YES;
				INFOPLIST_KEY_UISupportedInterfaceOrientations_iPad = "UIInterfaceOrientationPortrait UIInterfaceOrientationPortraitUpsideDown UIInterfaceOrientationLandscapeLeft UIInterfaceOrientationLandscapeRight";
				INFOPLIST_KEY_UISupportedInterfaceOrientations_iPhone = "UIInterfaceOrientationPortrait UIInterfaceOrientationLandscapeLeft UIInterfaceOrientationLandscapeRight";
				LD_RUNPATH_SEARCH_PATHS = (
					"$(inherited)",
					"@executable_path/Frameworks",
				);
				MARKETING_VERSION = 1.0;
				PRODUCT_BUNDLE_IDENTIFIER = com.higorcris21.BibleTimeline;
				PRODUCT_NAME = "$(TARGET_NAME)";
				SWIFT_EMIT_LOC_STRINGS = YES;
				SWIFT_VERSION = 5.0;
				TARGETED_DEVICE_FAMILY = "1,2";
			};
			name = Debug;
		};
		EBB5BA742F35544C006185FF /* Release */ = {
			isa = XCBuildConfiguration;
			buildSettings = {
				ASSETCATALOG_COMPILER_APPICON_NAME = AppIcon;
				ASSETCATALOG_COMPILER_GLOBAL_ACCENT_COLOR_NAME = AccentColor;
				CODE_SIGN_STYLE = Automatic;
				CURRENT_PROJECT_VERSION = 1;
				ENABLE_PREVIEWS = YES;
				GENERATE_INFOPLIST_FILE = YES;
				INFOPLIST_KEY_UIApplicationSceneManifest_Generation = YES;
				INFOPLIST_KEY_UIApplicationSupportsIndirectInputEvents = YES;
				INFOPLIST_KEY_UILaunchScreen_Generation = YES;
				INFOPLIST_KEY_UISupportedInterfaceOrientations_iPad = "UIInterfaceOrientationPortrait UIInterfaceOrientationPortraitUpsideDown UIInterfaceOrientationLandscapeLeft UIInterfaceOrientationLandscapeRight";
				INFOPLIST_KEY_UISupportedInterfaceOrientations_iPhone = "UIInterfaceOrientationPortrait UIInterfaceOrientationLandscapeLeft UIInterfaceOrientationLandscapeRight";
				LD_RUNPATH_SEARCH_PATHS = (
					"$(inherited)",
					"@executable_path/Frameworks",
				);
				MARKETING_VERSION = 1.0;
				PRODUCT_BUNDLE_IDENTIFIER = com.higorcris21.BibleTimeline;
				PRODUCT_NAME = "$(TARGET_NAME)";
				SWIFT_EMIT_LOC_STRINGS = YES;
				SWIFT_VERSION = 5.0;
				TARGETED_DEVICE_FAMILY = "1,2";
			};
			name = Release;
		};
		EBB5BA762F35544C006185FF /* Debug */ = {
			isa = XCBuildConfiguration;
			buildSettings = {
				BUNDLE_LOADER = "$(TEST_HOST)";
				CODE_SIGN_STYLE = Automatic;
				CURRENT_PROJECT_VERSION = 1;
				GENERATE_INFOPLIST_FILE = YES;
				IPHONEOS_DEPLOYMENT_TARGET = 18.2;
				MARKETING_VERSION = 1.0;
				PRODUCT_BUNDLE_IDENTIFIER = com.higorcris21.BibleTimelineTests;
				PRODUCT_NAME = "$(TARGET_NAME)";
				SWIFT_EMIT_LOC_STRINGS = NO;
				SWIFT_VERSION = 5.0;
				TARGETED_DEVICE_FAMILY = "1,2";
				TEST_HOST = "$(BUILT_PRODUCTS_DIR)/BibleTimeline.app/$(BUNDLE_EXECUTABLE_FOLDER_PATH)/BibleTimeline";
			};
			name = Debug;
		};
		EBB5BA772F35544C006185FF /* Release */ = {
			isa = XCBuildConfiguration;
			buildSettings = {
				BUNDLE_LOADER = "$(TEST_HOST)";
				CODE_SIGN_STYLE = Automatic;
				CURRENT_PROJECT_VERSION = 1;
				GENERATE_INFOPLIST_FILE = YES;
				IPHONEOS_DEPLOYMENT_TARGET = 18.2;
				MARKETING_VERSION = 1.0;
				PRODUCT_BUNDLE_IDENTIFIER = com.higorcris21.BibleTimelineTests;
				PRODUCT_NAME = "$(TARGET_NAME)";
				SWIFT_EMIT_LOC_STRINGS = NO;
				SWIFT_VERSION = 5.0;
				TARGETED_DEVICE_FAMILY = "1,2";
				TEST_HOST = "$(BUILT_PRODUCTS_DIR)/BibleTimeline.app/$(BUNDLE_EXECUTABLE_FOLDER_PATH)/BibleTimeline";
			};
			name = Release;
		};
		EBB5BA792F35544C006185FF /* Debug */ = {
			isa = XCBuildConfiguration;
			buildSettings = {
				CODE_SIGN_STYLE = Automatic;
				CURRENT_PROJECT_VERSION = 1;
				GENERATE_INFOPLIST_FILE = YES;
				MARKETING_VERSION = 1.0;
				PRODUCT_BUNDLE_IDENTIFIER = com.higorcris21.BibleTimelineUITests;
				PRODUCT_NAME = "$(TARGET_NAME)";
				SWIFT_EMIT_LOC_STRINGS = NO;
				SWIFT_VERSION = 5.0;
				TARGETED_DEVICE_FAMILY = "1,2";
				TEST_TARGET_NAME = BibleTimeline;
			};
			name = Debug;
		};
		EBB5BA7A2F35544C006185FF /* Release */ = {
			isa = XCBuildConfiguration;
			buildSettings = {
				CODE_SIGN_STYLE = Automatic;
				CURRENT_PROJECT_VERSION = 1;
				GENERATE_INFOPLIST_FILE = YES;
				MARKETING_VERSION = 1.0;
				PRODUCT_BUNDLE_IDENTIFIER = com.higorcris21.BibleTimelineUITests;
				PRODUCT_NAME = "$(TARGET_NAME)";
				SWIFT_EMIT_LOC_STRINGS = NO;
				SWIFT_VERSION = 5.0;
				TARGETED_DEVICE_FAMILY = "1,2";
				TEST_TARGET_NAME = BibleTimeline;
			};
			name = Release;
		};
/* End XCBuildConfiguration section */

/* Begin XCConfigurationList section */
		EBB5BA492F35544A006185FF /* Build configuration list for PBXProject "BibleTimeline" */ = {
			isa = XCConfigurationList;
			buildConfigurations = (
				EBB5BA702F35544C006185FF /* Debug */,
				EBB5BA712F35544C006185FF /* Release */,
			);
			defaultConfigurationIsVisible = 0;
			defaultConfigurationName = Release;
		};
		EBB5BA722F35544C006185FF /* Build configuration list for PBXNativeTarget "BibleTimeline" */ = {
			isa = XCConfigurationList;
			buildConfigurations = (
				EBB5BA732F35544C006185FF /* Debug */,
				EBB5BA742F35544C006185FF /* Release */,
			);
			defaultConfigurationIsVisible = 0;
			defaultConfigurationName = Release;
		};
		EBB5BA752F35544C006185FF /* Build configuration list for PBXNativeTarget "BibleTimelineTests" */ = {
			isa = XCConfigurationList;
			buildConfigurations = (
				EBB5BA762F35544C006185FF /* Debug */,
				EBB5BA772F35544C006185FF /* Release */,
			);
			defaultConfigurationIsVisible = 0;
			defaultConfigurationName = Release;
		};
		EBB5BA782F35544C006185FF /* Build configuration list for PBXNativeTarget "BibleTimelineUITests" */ = {
			isa = XCConfigurationList;
			buildConfigurations = (
				EBB5BA792F35544C006185FF /* Debug */,
				EBB5BA7A2F35544C006185FF /* Release */,
			);
			defaultConfigurationIsVisible = 0;
			defaultConfigurationName = Release;
		};
/* End XCConfigurationList section */
	};
	rootObject = EBB5BA462F35544A006185FF /* Project object */;
}
